
Microsoft Visual Studio Solution File, Format Version 12.00
# Visual Studio Version 17
VisualStudioVersion = 17.11.35222.181
MinimumVisualStudioVersion = 10.0.40219.1
Project("{FAE04EC0-301F-11D3-BF4B-00C04F79EFBC}") = "PratikIfElse", "PratikIfElse\PratikIfElse.csproj", "{FD3C2CC9-7ABB-459E-9889-7C6884D425D4}"
EndProject
Global
	GlobalSection(SolutionConfigurationPlatforms) = preSolution
		Debug|Any CPU = Debug|Any CPU
		Release|Any CPU = Release|Any CPU
	EndGlobalSection
	GlobalSection(ProjectConfigurationPlatforms) = postSolution
		{FD3C2CC9-7ABB-459E-9889-7C6884D425D4}.Debug|Any CPU.ActiveCfg = Debug|Any CPU
		{FD3C2CC9-7ABB-459E-9889-7C6884D425D4}.Debug|Any CPU.Build.0 = Debug|Any CPU
		{FD3C2CC9-7ABB-459E-9889-7C6884D425D4}.Release|Any CPU.ActiveCfg = Release|Any CPU
		{FD3C2CC9-7ABB-459E-9889-7C6884D425D4}.Release|Any CPU.Build.0 = Release|Any CPU
	EndGlobalSection
	GlobalSection(SolutionProperties) = preSolution
		HideSolutionNode = FALSE
	EndGlobalSection
	GlobalSection(ExtensibilityGlobals) = postSolution
		SolutionGuid = {1AD3DA93-0D63-4FE3-8EC8-5AA88C2CA688}
	EndGlobalSection
EndGlobal
